// !$*UTF8*$!
{
	archiveVersion = 1;
	classes = {
	};
	objectVersion = 50;
	objects = {

/* Begin PBXBuildFile section */
		10366CB8220004E1009579FF /* AlgorithmManager.swift in Sources */ = {isa = PBXBuildFile; fileRef = 10366CB7220004E1009579FF /* AlgorithmManager.swift */; };
		10366CBC220029F2009579FF /* AlgorithmProtocol.swift in Sources */ = {isa = PBXBuildFile; fileRef = 10366CBB220029F2009579FF /* AlgorithmProtocol.swift */; };
		1039DC7921FAA56800E9EB64 /* UIViewController+Alert.swift in Sources */ = {isa = PBXBuildFile; fileRef = 1039DC7821FAA56700E9EB64 /* UIViewController+Alert.swift */; };
		1039DC7B21FAA71B00E9EB64 /* Array+SafeIndex.swift in Sources */ = {isa = PBXBuildFile; fileRef = 1039DC7A21FAA71B00E9EB64 /* Array+SafeIndex.swift */; };
		1039DC7D21FAC92200E9EB64 /* Category.swift in Sources */ = {isa = PBXBuildFile; fileRef = 1039DC7C21FAC92200E9EB64 /* Category.swift */; };
		1039DC8221FAD5EB00E9EB64 /* Keyword.swift in Sources */ = {isa = PBXBuildFile; fileRef = 1039DC8121FAD5EB00E9EB64 /* Keyword.swift */; };
		1051076021FCB0CA005F14B6 /* String+SearchWords.swift in Sources */ = {isa = PBXBuildFile; fileRef = 1051075F21FCB0CA005F14B6 /* String+SearchWords.swift */; };
		1051076421FDE607005F14B6 /* Queue.swift in Sources */ = {isa = PBXBuildFile; fileRef = 1051076321FDE607005F14B6 /* Queue.swift */; };
		106C603921F6AA9200F0AFE6 /* AppDelegate.swift in Sources */ = {isa = PBXBuildFile; fileRef = 106C603821F6AA9200F0AFE6 /* AppDelegate.swift */; };
		106C603B21F6AA9200F0AFE6 /* ViewController.swift in Sources */ = {isa = PBXBuildFile; fileRef = 106C603A21F6AA9200F0AFE6 /* ViewController.swift */; };
		106C603E21F6AA9200F0AFE6 /* Main.storyboard in Resources */ = {isa = PBXBuildFile; fileRef = 106C603C21F6AA9200F0AFE6 /* Main.storyboard */; };
		106C604321F6AA9300F0AFE6 /* Assets.xcassets in Resources */ = {isa = PBXBuildFile; fileRef = 106C604221F6AA9300F0AFE6 /* Assets.xcassets */; };
		106C604621F6AA9300F0AFE6 /* LaunchScreen.storyboard in Resources */ = {isa = PBXBuildFile; fileRef = 106C604421F6AA9300F0AFE6 /* LaunchScreen.storyboard */; };
		3061893F2200342B005280B8 /* CoreDataTests.swift in Sources */ = {isa = PBXBuildFile; fileRef = 3061893E2200342B005280B8 /* CoreDataTests.swift */; };
		3061894D2200370D005280B8 /* NetworkTests.swift in Sources */ = {isa = PBXBuildFile; fileRef = 3061894C2200370D005280B8 /* NetworkTests.swift */; };
		30618969220037A0005280B8 /* AlgorithmTests.swift in Sources */ = {isa = PBXBuildFile; fileRef = 30618968220037A0005280B8 /* AlgorithmTests.swift */; };
		308DB6592203DCA600AB7A4B /* SearchServiceClass.swift in Sources */ = {isa = PBXBuildFile; fileRef = 308DB6582203DCA600AB7A4B /* SearchServiceClass.swift */; };
		308DB65D2203DFA200AB7A4B /* MockShoppingNetworkManagerDummy.swift in Sources */ = {isa = PBXBuildFile; fileRef = 308DB65C2203DFA200AB7A4B /* MockShoppingNetworkManagerDummy.swift */; };
		30B8A62A21FAA3E90048EB61 /* NetworkManager.swift in Sources */ = {isa = PBXBuildFile; fileRef = 30B8A62921FAA3E90048EB61 /* NetworkManager.swift */; };
		30B8A62C21FAA4020048EB61 /* Request.swift in Sources */ = {isa = PBXBuildFile; fileRef = 30B8A62B21FAA4020048EB61 /* Request.swift */; };
		30B8A63021FAA40F0048EB61 /* Model.swift in Sources */ = {isa = PBXBuildFile; fileRef = 30B8A62F21FAA40F0048EB61 /* Model.swift */; };
		30DBFF0E21FECAFE0094D559 /* APIRequest.swift in Sources */ = {isa = PBXBuildFile; fileRef = 30DBFF0D21FECAFE0094D559 /* APIRequest.swift */; };
		30DBFF1021FECB160094D559 /* Environment.swift in Sources */ = {isa = PBXBuildFile; fileRef = 30DBFF0F21FECB160094D559 /* Environment.swift */; };
		30DBFF1221FECB440094D559 /* Dispatcher.swift in Sources */ = {isa = PBXBuildFile; fileRef = 30DBFF1121FECB440094D559 /* Dispatcher.swift */; };
		30DBFF1421FECB5E0094D559 /* Response.swift in Sources */ = {isa = PBXBuildFile; fileRef = 30DBFF1321FECB5E0094D559 /* Response.swift */; };
		510F318321FAF8930025D929 /* MyGoodsCoreDataManager.swift in Sources */ = {isa = PBXBuildFile; fileRef = 510F318221FAF8930025D929 /* MyGoodsCoreDataManager.swift */; };
		510F319321FCE1C90025D929 /* MyGoodsData.swift in Sources */ = {isa = PBXBuildFile; fileRef = 510F319221FCE1C80025D929 /* MyGoodsData.swift */; };
		510F31C221FD62770025D929 /* CoreDataStructEntity.swift in Sources */ = {isa = PBXBuildFile; fileRef = 510F31C121FD62770025D929 /* CoreDataStructEntity.swift */; };
		510F31C521FE28A10025D929 /* CoreDataError.swift in Sources */ = {isa = PBXBuildFile; fileRef = 510F31C421FE28A10025D929 /* CoreDataError.swift */; };
		510F31CB21FEC76B0025D929 /* CoreDataManagerType.swift in Sources */ = {isa = PBXBuildFile; fileRef = 510F31CA21FEC76B0025D929 /* CoreDataManagerType.swift */; };
		513332F72200752C00950DB1 /* PetKeyword+CoreDataClass.swift in Sources */ = {isa = PBXBuildFile; fileRef = 513332F52200752C00950DB1 /* PetKeyword+CoreDataClass.swift */; };
		513332F82200752C00950DB1 /* PetKeyword+CoreDataProperties.swift in Sources */ = {isa = PBXBuildFile; fileRef = 513332F62200752C00950DB1 /* PetKeyword+CoreDataProperties.swift */; };
		518CD28A21FF594200C38268 /* PetKeywordData.swift in Sources */ = {isa = PBXBuildFile; fileRef = 518CD28921FF594200C38268 /* PetKeywordData.swift */; };
		519025DB22033807000BEE92 /* CoreDataManagerFunctionImplementType.swift in Sources */ = {isa = PBXBuildFile; fileRef = 519025DA22033807000BEE92 /* CoreDataManagerFunctionImplementType.swift */; };
		519928AF21FF74F6004D74EF /* SearchWordCoreDataManager.swift in Sources */ = {isa = PBXBuildFile; fileRef = 519928AE21FF74F6004D74EF /* SearchWordCoreDataManager.swift */; };
		519B1D722203E8C500D844FD /* MockShoppingNetworkManager.swift in Sources */ = {isa = PBXBuildFile; fileRef = 308DB65A2203DF7F00AB7A4B /* MockShoppingNetworkManager.swift */; };
		519B1D832207FA7000D844FD /* MyGoods+CoreDataClass.swift in Sources */ = {isa = PBXBuildFile; fileRef = 519B1D7F2207FA7000D844FD /* MyGoods+CoreDataClass.swift */; };
		519B1D842207FA7000D844FD /* MyGoods+CoreDataProperties.swift in Sources */ = {isa = PBXBuildFile; fileRef = 519B1D802207FA7000D844FD /* MyGoods+CoreDataProperties.swift */; };
		519B1D852207FA7000D844FD /* SearchWord+CoreDataClass.swift in Sources */ = {isa = PBXBuildFile; fileRef = 519B1D812207FA7000D844FD /* SearchWord+CoreDataClass.swift */; };
		519B1D862207FA7000D844FD /* SearchWord+CoreDataProperties.swift in Sources */ = {isa = PBXBuildFile; fileRef = 519B1D822207FA7000D844FD /* SearchWord+CoreDataProperties.swift */; };
		519B1D98220BF9AD00D844FD /* MyGoodsDummy.swift in Sources */ = {isa = PBXBuildFile; fileRef = 519B1D97220BF9AD00D844FD /* MyGoodsDummy.swift */; };
		51A02AAB21FF5E1300EF38F3 /* SearchWordData.swift in Sources */ = {isa = PBXBuildFile; fileRef = 51A02AAA21FF5E1300EF38F3 /* SearchWordData.swift */; };
		51A02AAC21FF61D200EF38F3 /* CoCo.xcdatamodeld in Resources */ = {isa = PBXBuildFile; fileRef = 106C603F21F6AA9200F0AFE6 /* CoCo.xcdatamodeld */; };
		51A02AAE21FF620C00EF38F3 /* PetKeywordCoreDataManager.swift in Sources */ = {isa = PBXBuildFile; fileRef = 51A02AAD21FF620C00EF38F3 /* PetKeywordCoreDataManager.swift */; };
/* End PBXBuildFile section */

/* Begin PBXContainerItemProxy section */
		306189412200342B005280B8 /* PBXContainerItemProxy */ = {
			isa = PBXContainerItemProxy;
			containerPortal = 106C602D21F6AA9200F0AFE6 /* Project object */;
			proxyType = 1;
			remoteGlobalIDString = 106C603421F6AA9200F0AFE6;
			remoteInfo = CoCo;
		};
		3061894F2200370D005280B8 /* PBXContainerItemProxy */ = {
			isa = PBXContainerItemProxy;
			containerPortal = 106C602D21F6AA9200F0AFE6 /* Project object */;
			proxyType = 1;
			remoteGlobalIDString = 106C603421F6AA9200F0AFE6;
			remoteInfo = CoCo;
		};
		3061896B220037A0005280B8 /* PBXContainerItemProxy */ = {
			isa = PBXContainerItemProxy;
			containerPortal = 106C602D21F6AA9200F0AFE6 /* Project object */;
			proxyType = 1;
			remoteGlobalIDString = 106C603421F6AA9200F0AFE6;
			remoteInfo = CoCo;
		};
/* End PBXContainerItemProxy section */

/* Begin PBXFileReference section */
		10366CB7220004E1009579FF /* AlgorithmManager.swift */ = {isa = PBXFileReference; lastKnownFileType = sourcecode.swift; path = AlgorithmManager.swift; sourceTree = "<group>"; };
		10366CBB220029F2009579FF /* AlgorithmProtocol.swift */ = {isa = PBXFileReference; lastKnownFileType = sourcecode.swift; path = AlgorithmProtocol.swift; sourceTree = "<group>"; };
		1039DC7821FAA56700E9EB64 /* UIViewController+Alert.swift */ = {isa = PBXFileReference; lastKnownFileType = sourcecode.swift; path = "UIViewController+Alert.swift"; sourceTree = "<group>"; };
		1039DC7A21FAA71B00E9EB64 /* Array+SafeIndex.swift */ = {isa = PBXFileReference; lastKnownFileType = sourcecode.swift; path = "Array+SafeIndex.swift"; sourceTree = "<group>"; };
		1039DC7C21FAC92200E9EB64 /* Category.swift */ = {isa = PBXFileReference; lastKnownFileType = sourcecode.swift; name = Category.swift; path = CoCo/Algorithm/Category.swift; sourceTree = SOURCE_ROOT; };
		1039DC8121FAD5EB00E9EB64 /* Keyword.swift */ = {isa = PBXFileReference; lastKnownFileType = sourcecode.swift; path = Keyword.swift; sourceTree = "<group>"; };
		1051075F21FCB0CA005F14B6 /* String+SearchWords.swift */ = {isa = PBXFileReference; fileEncoding = 4; lastKnownFileType = sourcecode.swift; path = "String+SearchWords.swift"; sourceTree = "<group>"; };
		1051076321FDE607005F14B6 /* Queue.swift */ = {isa = PBXFileReference; fileEncoding = 4; lastKnownFileType = sourcecode.swift; path = Queue.swift; sourceTree = "<group>"; };
		106C603521F6AA9200F0AFE6 /* CoCo.app */ = {isa = PBXFileReference; explicitFileType = wrapper.application; includeInIndex = 0; path = CoCo.app; sourceTree = BUILT_PRODUCTS_DIR; };
		106C603821F6AA9200F0AFE6 /* AppDelegate.swift */ = {isa = PBXFileReference; lastKnownFileType = sourcecode.swift; path = AppDelegate.swift; sourceTree = "<group>"; };
		106C603A21F6AA9200F0AFE6 /* ViewController.swift */ = {isa = PBXFileReference; lastKnownFileType = sourcecode.swift; path = ViewController.swift; sourceTree = "<group>"; };
		106C603D21F6AA9200F0AFE6 /* Base */ = {isa = PBXFileReference; lastKnownFileType = file.storyboard; name = Base; path = Base.lproj/Main.storyboard; sourceTree = "<group>"; };
		106C604021F6AA9200F0AFE6 /* CoCo.xcdatamodel */ = {isa = PBXFileReference; lastKnownFileType = wrapper.xcdatamodel; path = CoCo.xcdatamodel; sourceTree = "<group>"; };
		106C604221F6AA9300F0AFE6 /* Assets.xcassets */ = {isa = PBXFileReference; lastKnownFileType = folder.assetcatalog; path = Assets.xcassets; sourceTree = "<group>"; };
		106C604521F6AA9300F0AFE6 /* Base */ = {isa = PBXFileReference; lastKnownFileType = file.storyboard; name = Base; path = Base.lproj/LaunchScreen.storyboard; sourceTree = "<group>"; };
		106C604721F6AA9300F0AFE6 /* Info.plist */ = {isa = PBXFileReference; lastKnownFileType = text.plist.xml; path = Info.plist; sourceTree = "<group>"; };
		3061893C2200342B005280B8 /* CoreDataTests.xctest */ = {isa = PBXFileReference; explicitFileType = wrapper.cfbundle; includeInIndex = 0; path = CoreDataTests.xctest; sourceTree = BUILT_PRODUCTS_DIR; };
		3061893E2200342B005280B8 /* CoreDataTests.swift */ = {isa = PBXFileReference; lastKnownFileType = sourcecode.swift; path = CoreDataTests.swift; sourceTree = "<group>"; };
		306189402200342B005280B8 /* Info.plist */ = {isa = PBXFileReference; lastKnownFileType = text.plist.xml; path = Info.plist; sourceTree = "<group>"; };
		3061894A2200370D005280B8 /* NetworkTests.xctest */ = {isa = PBXFileReference; explicitFileType = wrapper.cfbundle; includeInIndex = 0; path = NetworkTests.xctest; sourceTree = BUILT_PRODUCTS_DIR; };
		3061894C2200370D005280B8 /* NetworkTests.swift */ = {isa = PBXFileReference; lastKnownFileType = sourcecode.swift; path = NetworkTests.swift; sourceTree = "<group>"; };
		3061894E2200370D005280B8 /* Info.plist */ = {isa = PBXFileReference; lastKnownFileType = text.plist.xml; path = Info.plist; sourceTree = "<group>"; };
		30618966220037A0005280B8 /* AlgorithmTests.xctest */ = {isa = PBXFileReference; explicitFileType = wrapper.cfbundle; includeInIndex = 0; path = AlgorithmTests.xctest; sourceTree = BUILT_PRODUCTS_DIR; };
		30618968220037A0005280B8 /* AlgorithmTests.swift */ = {isa = PBXFileReference; lastKnownFileType = sourcecode.swift; path = AlgorithmTests.swift; sourceTree = "<group>"; };
		3061896A220037A0005280B8 /* Info.plist */ = {isa = PBXFileReference; lastKnownFileType = text.plist.xml; path = Info.plist; sourceTree = "<group>"; };
		308DB6582203DCA600AB7A4B /* SearchServiceClass.swift */ = {isa = PBXFileReference; lastKnownFileType = sourcecode.swift; path = SearchServiceClass.swift; sourceTree = "<group>"; };
		308DB65A2203DF7F00AB7A4B /* MockShoppingNetworkManager.swift */ = {isa = PBXFileReference; lastKnownFileType = sourcecode.swift; path = MockShoppingNetworkManager.swift; sourceTree = "<group>"; };
		308DB65C2203DFA200AB7A4B /* MockShoppingNetworkManagerDummy.swift */ = {isa = PBXFileReference; lastKnownFileType = sourcecode.swift; path = MockShoppingNetworkManagerDummy.swift; sourceTree = "<group>"; };
		30B8A62921FAA3E90048EB61 /* NetworkManager.swift */ = {isa = PBXFileReference; lastKnownFileType = sourcecode.swift; path = NetworkManager.swift; sourceTree = "<group>"; };
		30B8A62B21FAA4020048EB61 /* Request.swift */ = {isa = PBXFileReference; lastKnownFileType = sourcecode.swift; path = Request.swift; sourceTree = "<group>"; };
		30B8A62F21FAA40F0048EB61 /* Model.swift */ = {isa = PBXFileReference; lastKnownFileType = sourcecode.swift; path = Model.swift; sourceTree = "<group>"; };
		30DBFF0D21FECAFE0094D559 /* APIRequest.swift */ = {isa = PBXFileReference; lastKnownFileType = sourcecode.swift; path = APIRequest.swift; sourceTree = "<group>"; };
		30DBFF0F21FECB160094D559 /* Environment.swift */ = {isa = PBXFileReference; lastKnownFileType = sourcecode.swift; path = Environment.swift; sourceTree = "<group>"; };
		30DBFF1121FECB440094D559 /* Dispatcher.swift */ = {isa = PBXFileReference; lastKnownFileType = sourcecode.swift; path = Dispatcher.swift; sourceTree = "<group>"; };
		30DBFF1321FECB5E0094D559 /* Response.swift */ = {isa = PBXFileReference; lastKnownFileType = sourcecode.swift; path = Response.swift; sourceTree = "<group>"; };
		510F318221FAF8930025D929 /* MyGoodsCoreDataManager.swift */ = {isa = PBXFileReference; lastKnownFileType = sourcecode.swift; path = MyGoodsCoreDataManager.swift; sourceTree = "<group>"; };
		510F319221FCE1C80025D929 /* MyGoodsData.swift */ = {isa = PBXFileReference; lastKnownFileType = sourcecode.swift; path = MyGoodsData.swift; sourceTree = "<group>"; };
		510F31C121FD62770025D929 /* CoreDataStructEntity.swift */ = {isa = PBXFileReference; lastKnownFileType = sourcecode.swift; path = CoreDataStructEntity.swift; sourceTree = "<group>"; };
		510F31C421FE28A10025D929 /* CoreDataError.swift */ = {isa = PBXFileReference; lastKnownFileType = sourcecode.swift; path = CoreDataError.swift; sourceTree = "<group>"; };
		510F31CA21FEC76B0025D929 /* CoreDataManagerType.swift */ = {isa = PBXFileReference; lastKnownFileType = sourcecode.swift; path = CoreDataManagerType.swift; sourceTree = "<group>"; };
		513332F52200752C00950DB1 /* PetKeyword+CoreDataClass.swift */ = {isa = PBXFileReference; lastKnownFileType = sourcecode.swift; path = "PetKeyword+CoreDataClass.swift"; sourceTree = "<group>"; };
		513332F62200752C00950DB1 /* PetKeyword+CoreDataProperties.swift */ = {isa = PBXFileReference; lastKnownFileType = sourcecode.swift; path = "PetKeyword+CoreDataProperties.swift"; sourceTree = "<group>"; };
		518CD28921FF594200C38268 /* PetKeywordData.swift */ = {isa = PBXFileReference; lastKnownFileType = sourcecode.swift; path = PetKeywordData.swift; sourceTree = "<group>"; };
		519025DA22033807000BEE92 /* CoreDataManagerFunctionImplementType.swift */ = {isa = PBXFileReference; lastKnownFileType = sourcecode.swift; path = CoreDataManagerFunctionImplementType.swift; sourceTree = "<group>"; };
		519928AE21FF74F6004D74EF /* SearchWordCoreDataManager.swift */ = {isa = PBXFileReference; lastKnownFileType = sourcecode.swift; path = SearchWordCoreDataManager.swift; sourceTree = "<group>"; };
		519B1D7F2207FA7000D844FD /* MyGoods+CoreDataClass.swift */ = {isa = PBXFileReference; lastKnownFileType = sourcecode.swift; path = "MyGoods+CoreDataClass.swift"; sourceTree = "<group>"; };
		519B1D802207FA7000D844FD /* MyGoods+CoreDataProperties.swift */ = {isa = PBXFileReference; lastKnownFileType = sourcecode.swift; path = "MyGoods+CoreDataProperties.swift"; sourceTree = "<group>"; };
		519B1D812207FA7000D844FD /* SearchWord+CoreDataClass.swift */ = {isa = PBXFileReference; lastKnownFileType = sourcecode.swift; path = "SearchWord+CoreDataClass.swift"; sourceTree = "<group>"; };
		519B1D822207FA7000D844FD /* SearchWord+CoreDataProperties.swift */ = {isa = PBXFileReference; lastKnownFileType = sourcecode.swift; path = "SearchWord+CoreDataProperties.swift"; sourceTree = "<group>"; };
		519B1D97220BF9AD00D844FD /* MyGoodsDummy.swift */ = {isa = PBXFileReference; lastKnownFileType = sourcecode.swift; path = MyGoodsDummy.swift; sourceTree = "<group>"; };
		51A02AAA21FF5E1300EF38F3 /* SearchWordData.swift */ = {isa = PBXFileReference; lastKnownFileType = sourcecode.swift; path = SearchWordData.swift; sourceTree = "<group>"; };
		51A02AAD21FF620C00EF38F3 /* PetKeywordCoreDataManager.swift */ = {isa = PBXFileReference; lastKnownFileType = sourcecode.swift; path = PetKeywordCoreDataManager.swift; sourceTree = "<group>"; };
/* End PBXFileReference section */

/* Begin PBXFrameworksBuildPhase section */
		106C603221F6AA9200F0AFE6 /* Frameworks */ = {
			isa = PBXFrameworksBuildPhase;
			buildActionMask = 2147483647;
			files = (
			);
			runOnlyForDeploymentPostprocessing = 0;
		};
		306189392200342B005280B8 /* Frameworks */ = {
			isa = PBXFrameworksBuildPhase;
			buildActionMask = 2147483647;
			files = (
			);
			runOnlyForDeploymentPostprocessing = 0;
		};
		306189472200370D005280B8 /* Frameworks */ = {
			isa = PBXFrameworksBuildPhase;
			buildActionMask = 2147483647;
			files = (
			);
			runOnlyForDeploymentPostprocessing = 0;
		};
		30618963220037A0005280B8 /* Frameworks */ = {
			isa = PBXFrameworksBuildPhase;
			buildActionMask = 2147483647;
			files = (
			);
			runOnlyForDeploymentPostprocessing = 0;
		};
/* End PBXFrameworksBuildPhase section */

/* Begin PBXGroup section */
		1039DC7721FAA3FA00E9EB64 /* Extension */ = {
			isa = PBXGroup;
			children = (
				1039DC7821FAA56700E9EB64 /* UIViewController+Alert.swift */,
				1039DC7A21FAA71B00E9EB64 /* Array+SafeIndex.swift */,
				1051075F21FCB0CA005F14B6 /* String+SearchWords.swift */,
			);
			path = Extension;
			sourceTree = "<group>";
		};
		1039DC7E21FACC7100E9EB64 /* Algorithm */ = {
			isa = PBXGroup;
			children = (
				10366CBB220029F2009579FF /* AlgorithmProtocol.swift */,
				10366CB7220004E1009579FF /* AlgorithmManager.swift */,
				1039DC8121FAD5EB00E9EB64 /* Keyword.swift */,
				1039DC7C21FAC92200E9EB64 /* Category.swift */,
				1051076321FDE607005F14B6 /* Queue.swift */,
			);
			path = Algorithm;
			sourceTree = "<group>";
		};
		106C602C21F6AA9200F0AFE6 = {
			isa = PBXGroup;
			children = (
				106C603721F6AA9200F0AFE6 /* CoCo */,
				3061893D2200342B005280B8 /* CoreDataTests */,
				3061894B2200370D005280B8 /* NetworkTests */,
				30618967220037A0005280B8 /* AlgorithmTests */,
				106C603621F6AA9200F0AFE6 /* Products */,
			);
			sourceTree = "<group>";
		};
		106C603621F6AA9200F0AFE6 /* Products */ = {
			isa = PBXGroup;
			children = (
				106C603521F6AA9200F0AFE6 /* CoCo.app */,
				3061893C2200342B005280B8 /* CoreDataTests.xctest */,
				3061894A2200370D005280B8 /* NetworkTests.xctest */,
				30618966220037A0005280B8 /* AlgorithmTests.xctest */,
			);
			name = Products;
			sourceTree = "<group>";
		};
		106C603721F6AA9200F0AFE6 /* CoCo */ = {
			isa = PBXGroup;
			children = (
				308DB6582203DCA600AB7A4B /* SearchServiceClass.swift */,
				106C603821F6AA9200F0AFE6 /* AppDelegate.swift */,
				106C603A21F6AA9200F0AFE6 /* ViewController.swift */,
				106C603C21F6AA9200F0AFE6 /* Main.storyboard */,
				1039DC7721FAA3FA00E9EB64 /* Extension */,
				1039DC7E21FACC7100E9EB64 /* Algorithm */,
				30B8A62621FAA2CD0048EB61 /* CoreData */,
				30B8A62821FAA2F40048EB61 /* Network */,
				106C604221F6AA9300F0AFE6 /* Assets.xcassets */,
				106C604421F6AA9300F0AFE6 /* LaunchScreen.storyboard */,
				106C604721F6AA9300F0AFE6 /* Info.plist */,
				106C603F21F6AA9200F0AFE6 /* CoCo.xcdatamodeld */,
			);
			path = CoCo;
			sourceTree = "<group>";
		};
		3061893D2200342B005280B8 /* CoreDataTests */ = {
			isa = PBXGroup;
			children = (
				3061893E2200342B005280B8 /* CoreDataTests.swift */,
				306189402200342B005280B8 /* Info.plist */,
			);
			path = CoreDataTests;
			sourceTree = "<group>";
		};
		3061894B2200370D005280B8 /* NetworkTests */ = {
			isa = PBXGroup;
			children = (
				3061894C2200370D005280B8 /* NetworkTests.swift */,
				308DB65C2203DFA200AB7A4B /* MockShoppingNetworkManagerDummy.swift */,
				3061894E2200370D005280B8 /* Info.plist */,
			);
			path = NetworkTests;
			sourceTree = "<group>";
		};
		30618967220037A0005280B8 /* AlgorithmTests */ = {
			isa = PBXGroup;
			children = (
				30618968220037A0005280B8 /* AlgorithmTests.swift */,
				3061896A220037A0005280B8 /* Info.plist */,
			);
			path = AlgorithmTests;
			sourceTree = "<group>";
		};
		30B8A62621FAA2CD0048EB61 /* CoreData */ = {
			isa = PBXGroup;
			children = (
				5133330F22028A1800950DB1 /* Utility */,
				510F318021FAF8780025D929 /* Model */,
				510F318121FAF8820025D929 /* Manager */,
			);
			path = CoreData;
			sourceTree = "<group>";
		};
		30B8A62821FAA2F40048EB61 /* Network */ = {
			isa = PBXGroup;
			children = (
				30B8A62B21FAA4020048EB61 /* Request.swift */,
				30DBFF0D21FECAFE0094D559 /* APIRequest.swift */,
				30DBFF0F21FECB160094D559 /* Environment.swift */,
				30DBFF1121FECB440094D559 /* Dispatcher.swift */,
				30DBFF1321FECB5E0094D559 /* Response.swift */,
				30B8A62921FAA3E90048EB61 /* NetworkManager.swift */,
				30B8A62F21FAA40F0048EB61 /* Model.swift */,
				308DB65A2203DF7F00AB7A4B /* MockShoppingNetworkManager.swift */,
			);
			path = Network;
			sourceTree = "<group>";
		};
		510F318021FAF8780025D929 /* Model */ = {
			isa = PBXGroup;
			children = (
				519B1D7F2207FA7000D844FD /* MyGoods+CoreDataClass.swift */,
				519B1D802207FA7000D844FD /* MyGoods+CoreDataProperties.swift */,
				510F319221FCE1C80025D929 /* MyGoodsData.swift */,
				519B1D812207FA7000D844FD /* SearchWord+CoreDataClass.swift */,
				519B1D822207FA7000D844FD /* SearchWord+CoreDataProperties.swift */,
				51A02AAA21FF5E1300EF38F3 /* SearchWordData.swift */,
				513332F52200752C00950DB1 /* PetKeyword+CoreDataClass.swift */,
				513332F62200752C00950DB1 /* PetKeyword+CoreDataProperties.swift */,
				518CD28921FF594200C38268 /* PetKeywordData.swift */,
				519B1D97220BF9AD00D844FD /* MyGoodsDummy.swift */,
			);
			path = Model;
			sourceTree = "<group>";
		};
		510F318121FAF8820025D929 /* Manager */ = {
			isa = PBXGroup;
			children = (
				510F31CA21FEC76B0025D929 /* CoreDataManagerType.swift */,
				519025DA22033807000BEE92 /* CoreDataManagerFunctionImplementType.swift */,
				510F31C121FD62770025D929 /* CoreDataStructEntity.swift */,
				510F318221FAF8930025D929 /* MyGoodsCoreDataManager.swift */,
				51A02AAD21FF620C00EF38F3 /* PetKeywordCoreDataManager.swift */,
				519928AE21FF74F6004D74EF /* SearchWordCoreDataManager.swift */,
			);
			path = Manager;
			sourceTree = "<group>";
		};
		5133330F22028A1800950DB1 /* Utility */ = {
			isa = PBXGroup;
			children = (
				510F31C421FE28A10025D929 /* CoreDataError.swift */,
			);
			path = Utility;
			sourceTree = "<group>";
		};
/* End PBXGroup section */

/* Begin PBXNativeTarget section */
		106C603421F6AA9200F0AFE6 /* CoCo */ = {
			isa = PBXNativeTarget;
			buildConfigurationList = 106C604A21F6AA9300F0AFE6 /* Build configuration list for PBXNativeTarget "CoCo" */;
			buildPhases = (
				3049D8D921F6B21D005FC011 /* swiftlint autocorrect */,
				3049D8D821F6B1E0005FC011 /* swiftlint */,
				106C603121F6AA9200F0AFE6 /* Sources */,
				106C603221F6AA9200F0AFE6 /* Frameworks */,
				106C603321F6AA9200F0AFE6 /* Resources */,
			);
			buildRules = (
			);
			dependencies = (
			);
			name = CoCo;
			productName = CoCo;
			productReference = 106C603521F6AA9200F0AFE6 /* CoCo.app */;
			productType = "com.apple.product-type.application";
		};
		3061893B2200342B005280B8 /* CoreDataTests */ = {
			isa = PBXNativeTarget;
			buildConfigurationList = 306189452200342B005280B8 /* Build configuration list for PBXNativeTarget "CoreDataTests" */;
			buildPhases = (
				306189382200342B005280B8 /* Sources */,
				306189392200342B005280B8 /* Frameworks */,
				3061893A2200342B005280B8 /* Resources */,
			);
			buildRules = (
			);
			dependencies = (
				306189422200342B005280B8 /* PBXTargetDependency */,
			);
			name = CoreDataTests;
			productName = CoreDataTests;
			productReference = 3061893C2200342B005280B8 /* CoreDataTests.xctest */;
			productType = "com.apple.product-type.bundle.unit-test";
		};
		306189492200370D005280B8 /* NetworkTests */ = {
			isa = PBXNativeTarget;
			buildConfigurationList = 306189532200370D005280B8 /* Build configuration list for PBXNativeTarget "NetworkTests" */;
			buildPhases = (
				306189462200370D005280B8 /* Sources */,
				306189472200370D005280B8 /* Frameworks */,
				306189482200370D005280B8 /* Resources */,
			);
			buildRules = (
			);
			dependencies = (
				306189502200370D005280B8 /* PBXTargetDependency */,
			);
			name = NetworkTests;
			productName = NetworkTests;
			productReference = 3061894A2200370D005280B8 /* NetworkTests.xctest */;
			productType = "com.apple.product-type.bundle.unit-test";
		};
		30618965220037A0005280B8 /* AlgorithmTests */ = {
			isa = PBXNativeTarget;
			buildConfigurationList = 3061896D220037A0005280B8 /* Build configuration list for PBXNativeTarget "AlgorithmTests" */;
			buildPhases = (
				30618962220037A0005280B8 /* Sources */,
				30618963220037A0005280B8 /* Frameworks */,
				30618964220037A0005280B8 /* Resources */,
			);
			buildRules = (
			);
			dependencies = (
				3061896C220037A0005280B8 /* PBXTargetDependency */,
			);
			name = AlgorithmTests;
			productName = AlgorithmTests;
			productReference = 30618966220037A0005280B8 /* AlgorithmTests.xctest */;
			productType = "com.apple.product-type.bundle.unit-test";
		};
/* End PBXNativeTarget section */

/* Begin PBXProject section */
		106C602D21F6AA9200F0AFE6 /* Project object */ = {
			isa = PBXProject;
			attributes = {
				LastSwiftUpdateCheck = 1010;
				LastUpgradeCheck = 1010;
				ORGANIZATIONNAME = "Team CoCo";
				TargetAttributes = {
					106C603421F6AA9200F0AFE6 = {
						CreatedOnToolsVersion = 10.1;
					};
					3061893B2200342B005280B8 = {
						CreatedOnToolsVersion = 10.1;
						TestTargetID = 106C603421F6AA9200F0AFE6;
					};
					306189492200370D005280B8 = {
						CreatedOnToolsVersion = 10.1;
						TestTargetID = 106C603421F6AA9200F0AFE6;
					};
					30618965220037A0005280B8 = {
						CreatedOnToolsVersion = 10.1;
						TestTargetID = 106C603421F6AA9200F0AFE6;
					};
				};
			};
			buildConfigurationList = 106C603021F6AA9200F0AFE6 /* Build configuration list for PBXProject "CoCo" */;
			compatibilityVersion = "Xcode 9.3";
			developmentRegion = en;
			hasScannedForEncodings = 0;
			knownRegions = (
				en,
				Base,
			);
			mainGroup = 106C602C21F6AA9200F0AFE6;
			productRefGroup = 106C603621F6AA9200F0AFE6 /* Products */;
			projectDirPath = "";
			projectRoot = "";
			targets = (
				106C603421F6AA9200F0AFE6 /* CoCo */,
				3061893B2200342B005280B8 /* CoreDataTests */,
				306189492200370D005280B8 /* NetworkTests */,
				30618965220037A0005280B8 /* AlgorithmTests */,
			);
		};
/* End PBXProject section */

/* Begin PBXResourcesBuildPhase section */
		106C603321F6AA9200F0AFE6 /* Resources */ = {
			isa = PBXResourcesBuildPhase;
			buildActionMask = 2147483647;
			files = (
				106C604621F6AA9300F0AFE6 /* LaunchScreen.storyboard in Resources */,
				106C604321F6AA9300F0AFE6 /* Assets.xcassets in Resources */,
				106C603E21F6AA9200F0AFE6 /* Main.storyboard in Resources */,
				51A02AAC21FF61D200EF38F3 /* CoCo.xcdatamodeld in Resources */,
			);
			runOnlyForDeploymentPostprocessing = 0;
		};
		3061893A2200342B005280B8 /* Resources */ = {
			isa = PBXResourcesBuildPhase;
			buildActionMask = 2147483647;
			files = (
			);
			runOnlyForDeploymentPostprocessing = 0;
		};
		306189482200370D005280B8 /* Resources */ = {
			isa = PBXResourcesBuildPhase;
			buildActionMask = 2147483647;
			files = (
			);
			runOnlyForDeploymentPostprocessing = 0;
		};
		30618964220037A0005280B8 /* Resources */ = {
			isa = PBXResourcesBuildPhase;
			buildActionMask = 2147483647;
			files = (
			);
			runOnlyForDeploymentPostprocessing = 0;
		};
/* End PBXResourcesBuildPhase section */

/* Begin PBXShellScriptBuildPhase section */
		3049D8D821F6B1E0005FC011 /* swiftlint */ = {
			isa = PBXShellScriptBuildPhase;
			buildActionMask = 2147483647;
			files = (
			);
			inputFileListPaths = (
			);
			inputPaths = (
			);
			name = swiftlint;
			outputFileListPaths = (
			);
			outputPaths = (
			);
			runOnlyForDeploymentPostprocessing = 0;
			shellPath = /bin/sh;
			shellScript = "
";
		};
		3049D8D921F6B21D005FC011 /* swiftlint autocorrect */ = {
			isa = PBXShellScriptBuildPhase;
			buildActionMask = 2147483647;
			files = (
			);
			inputFileListPaths = (
			);
			inputPaths = (
			);
			name = "swiftlint autocorrect";
			outputFileListPaths = (
			);
			outputPaths = (
			);
			runOnlyForDeploymentPostprocessing = 0;
			shellPath = /bin/sh;
			shellScript = "
";
		};
/* End PBXShellScriptBuildPhase section */

/* Begin PBXSourcesBuildPhase section */
		106C603121F6AA9200F0AFE6 /* Sources */ = {
			isa = PBXSourcesBuildPhase;
			buildActionMask = 2147483647;
			files = (
				519B1D722203E8C500D844FD /* MockShoppingNetworkManager.swift in Sources */,
				30B8A63021FAA40F0048EB61 /* Model.swift in Sources */,
				30DBFF1021FECB160094D559 /* Environment.swift in Sources */,
				30DBFF1221FECB440094D559 /* Dispatcher.swift in Sources */,
				30DBFF0E21FECAFE0094D559 /* APIRequest.swift in Sources */,
				30DBFF1421FECB5E0094D559 /* Response.swift in Sources */,
				30B8A62A21FAA3E90048EB61 /* NetworkManager.swift in Sources */,
				106C603B21F6AA9200F0AFE6 /* ViewController.swift in Sources */,
				30B8A62C21FAA4020048EB61 /* Request.swift in Sources */,
				1039DC8221FAD5EB00E9EB64 /* Keyword.swift in Sources */,
				513332F72200752C00950DB1 /* PetKeyword+CoreDataClass.swift in Sources */,
				513332F82200752C00950DB1 /* PetKeyword+CoreDataProperties.swift in Sources */,
				519928AF21FF74F6004D74EF /* SearchWordCoreDataManager.swift in Sources */,
				106C603921F6AA9200F0AFE6 /* AppDelegate.swift in Sources */,
				519B1D842207FA7000D844FD /* MyGoods+CoreDataProperties.swift in Sources */,
				518CD28A21FF594200C38268 /* PetKeywordData.swift in Sources */,
				51A02AAE21FF620C00EF38F3 /* PetKeywordCoreDataManager.swift in Sources */,
				51A02AAB21FF5E1300EF38F3 /* SearchWordData.swift in Sources */,
				519025DB22033807000BEE92 /* CoreDataManagerFunctionImplementType.swift in Sources */,
				510F31C521FE28A10025D929 /* CoreDataError.swift in Sources */,
				510F318321FAF8930025D929 /* MyGoodsCoreDataManager.swift in Sources */,
				510F319321FCE1C90025D929 /* MyGoodsData.swift in Sources */,
				510F31CB21FEC76B0025D929 /* CoreDataManagerType.swift in Sources */,
				510F31C221FD62770025D929 /* CoreDataStructEntity.swift in Sources */,
				1051076021FCB0CA005F14B6 /* String+SearchWords.swift in Sources */,
				10366CBC220029F2009579FF /* AlgorithmProtocol.swift in Sources */,
				308DB6592203DCA600AB7A4B /* SearchServiceClass.swift in Sources */,
				519B1D98220BF9AD00D844FD /* MyGoodsDummy.swift in Sources */,
				519B1D862207FA7000D844FD /* SearchWord+CoreDataProperties.swift in Sources */,
				10366CB8220004E1009579FF /* AlgorithmManager.swift in Sources */,
				1039DC7B21FAA71B00E9EB64 /* Array+SafeIndex.swift in Sources */,
				519B1D832207FA7000D844FD /* MyGoods+CoreDataClass.swift in Sources */,
				1039DC7921FAA56800E9EB64 /* UIViewController+Alert.swift in Sources */,
				1051076421FDE607005F14B6 /* Queue.swift in Sources */,
				1039DC7D21FAC92200E9EB64 /* Category.swift in Sources */,
				519B1D852207FA7000D844FD /* SearchWord+CoreDataClass.swift in Sources */,
			);
			runOnlyForDeploymentPostprocessing = 0;
		};
		306189382200342B005280B8 /* Sources */ = {
			isa = PBXSourcesBuildPhase;
			buildActionMask = 2147483647;
			files = (
				3061893F2200342B005280B8 /* CoreDataTests.swift in Sources */,
			);
			runOnlyForDeploymentPostprocessing = 0;
		};
		306189462200370D005280B8 /* Sources */ = {
			isa = PBXSourcesBuildPhase;
			buildActionMask = 2147483647;
			files = (
				308DB65D2203DFA200AB7A4B /* MockShoppingNetworkManagerDummy.swift in Sources */,
				3061894D2200370D005280B8 /* NetworkTests.swift in Sources */,
			);
			runOnlyForDeploymentPostprocessing = 0;
		};
		30618962220037A0005280B8 /* Sources */ = {
			isa = PBXSourcesBuildPhase;
			buildActionMask = 2147483647;
			files = (
				30618969220037A0005280B8 /* AlgorithmTests.swift in Sources */,
			);
			runOnlyForDeploymentPostprocessing = 0;
		};
/* End PBXSourcesBuildPhase section */

/* Begin PBXTargetDependency section */
		306189422200342B005280B8 /* PBXTargetDependency */ = {
			isa = PBXTargetDependency;
			target = 106C603421F6AA9200F0AFE6 /* CoCo */;
			targetProxy = 306189412200342B005280B8 /* PBXContainerItemProxy */;
		};
		306189502200370D005280B8 /* PBXTargetDependency */ = {
			isa = PBXTargetDependency;
			target = 106C603421F6AA9200F0AFE6 /* CoCo */;
			targetProxy = 3061894F2200370D005280B8 /* PBXContainerItemProxy */;
		};
		3061896C220037A0005280B8 /* PBXTargetDependency */ = {
			isa = PBXTargetDependency;
			target = 106C603421F6AA9200F0AFE6 /* CoCo */;
			targetProxy = 3061896B220037A0005280B8 /* PBXContainerItemProxy */;
		};
/* End PBXTargetDependency section */

/* Begin PBXVariantGroup section */
		106C603C21F6AA9200F0AFE6 /* Main.storyboard */ = {
			isa = PBXVariantGroup;
			children = (
				106C603D21F6AA9200F0AFE6 /* Base */,
			);
			name = Main.storyboard;
			sourceTree = "<group>";
		};
		106C604421F6AA9300F0AFE6 /* LaunchScreen.storyboard */ = {
			isa = PBXVariantGroup;
			children = (
				106C604521F6AA9300F0AFE6 /* Base */,
			);
			name = LaunchScreen.storyboard;
			sourceTree = "<group>";
		};
/* End PBXVariantGroup section */

/* Begin XCBuildConfiguration section */
		106C604821F6AA9300F0AFE6 /* Debug */ = {
			isa = XCBuildConfiguration;
			buildSettings = {
				ALWAYS_SEARCH_USER_PATHS = NO;
				CLANG_ANALYZER_NONNULL = YES;
				CLANG_ANALYZER_NUMBER_OBJECT_CONVERSION = YES_AGGRESSIVE;
				CLANG_CXX_LANGUAGE_STANDARD = "gnu++14";
				CLANG_CXX_LIBRARY = "libc++";
				CLANG_ENABLE_MODULES = YES;
				CLANG_ENABLE_OBJC_ARC = YES;
				CLANG_ENABLE_OBJC_WEAK = YES;
				CLANG_WARN_BLOCK_CAPTURE_AUTORELEASING = YES;
				CLANG_WARN_BOOL_CONVERSION = YES;
				CLANG_WARN_COMMA = YES;
				CLANG_WARN_CONSTANT_CONVERSION = YES;
				CLANG_WARN_DEPRECATED_OBJC_IMPLEMENTATIONS = YES;
				CLANG_WARN_DIRECT_OBJC_ISA_USAGE = YES_ERROR;
				CLANG_WARN_DOCUMENTATION_COMMENTS = YES;
				CLANG_WARN_EMPTY_BODY = YES;
				CLANG_WARN_ENUM_CONVERSION = YES;
				CLANG_WARN_INFINITE_RECURSION = YES;
				CLANG_WARN_INT_CONVERSION = YES;
				CLANG_WARN_NON_LITERAL_NULL_CONVERSION = YES;
				CLANG_WARN_OBJC_IMPLICIT_RETAIN_SELF = YES;
				CLANG_WARN_OBJC_LITERAL_CONVERSION = YES;
				CLANG_WARN_OBJC_ROOT_CLASS = YES_ERROR;
				CLANG_WARN_RANGE_LOOP_ANALYSIS = YES;
				CLANG_WARN_STRICT_PROTOTYPES = YES;
				CLANG_WARN_SUSPICIOUS_MOVE = YES;
				CLANG_WARN_UNGUARDED_AVAILABILITY = YES_AGGRESSIVE;
				CLANG_WARN_UNREACHABLE_CODE = YES;
				CLANG_WARN__DUPLICATE_METHOD_MATCH = YES;
				CODE_SIGN_IDENTITY = "iPhone Developer";
				COPY_PHASE_STRIP = NO;
				DEBUG_INFORMATION_FORMAT = dwarf;
				ENABLE_STRICT_OBJC_MSGSEND = YES;
				ENABLE_TESTABILITY = YES;
				GCC_C_LANGUAGE_STANDARD = gnu11;
				GCC_DYNAMIC_NO_PIC = NO;
				GCC_NO_COMMON_BLOCKS = YES;
				GCC_OPTIMIZATION_LEVEL = 0;
				GCC_PREPROCESSOR_DEFINITIONS = (
					"DEBUG=1",
					"$(inherited)",
				);
				GCC_WARN_64_TO_32_BIT_CONVERSION = YES;
				GCC_WARN_ABOUT_RETURN_TYPE = YES_ERROR;
				GCC_WARN_UNDECLARED_SELECTOR = YES;
				GCC_WARN_UNINITIALIZED_AUTOS = YES_AGGRESSIVE;
				GCC_WARN_UNUSED_FUNCTION = YES;
				GCC_WARN_UNUSED_VARIABLE = YES;
				IPHONEOS_DEPLOYMENT_TARGET = 12.1;
				MTL_ENABLE_DEBUG_INFO = INCLUDE_SOURCE;
				MTL_FAST_MATH = YES;
				ONLY_ACTIVE_ARCH = YES;
				SDKROOT = iphoneos;
				SWIFT_ACTIVE_COMPILATION_CONDITIONS = DEBUG;
				SWIFT_OPTIMIZATION_LEVEL = "-Onone";
			};
			name = Debug;
		};
		106C604921F6AA9300F0AFE6 /* Release */ = {
			isa = XCBuildConfiguration;
			buildSettings = {
				ALWAYS_SEARCH_USER_PATHS = NO;
				CLANG_ANALYZER_NONNULL = YES;
				CLANG_ANALYZER_NUMBER_OBJECT_CONVERSION = YES_AGGRESSIVE;
				CLANG_CXX_LANGUAGE_STANDARD = "gnu++14";
				CLANG_CXX_LIBRARY = "libc++";
				CLANG_ENABLE_MODULES = YES;
				CLANG_ENABLE_OBJC_ARC = YES;
				CLANG_ENABLE_OBJC_WEAK = YES;
				CLANG_WARN_BLOCK_CAPTURE_AUTORELEASING = YES;
				CLANG_WARN_BOOL_CONVERSION = YES;
				CLANG_WARN_COMMA = YES;
				CLANG_WARN_CONSTANT_CONVERSION = YES;
				CLANG_WARN_DEPRECATED_OBJC_IMPLEMENTATIONS = YES;
				CLANG_WARN_DIRECT_OBJC_ISA_USAGE = YES_ERROR;
				CLANG_WARN_DOCUMENTATION_COMMENTS = YES;
				CLANG_WARN_EMPTY_BODY = YES;
				CLANG_WARN_ENUM_CONVERSION = YES;
				CLANG_WARN_INFINITE_RECURSION = YES;
				CLANG_WARN_INT_CONVERSION = YES;
				CLANG_WARN_NON_LITERAL_NULL_CONVERSION = YES;
				CLANG_WARN_OBJC_IMPLICIT_RETAIN_SELF = YES;
				CLANG_WARN_OBJC_LITERAL_CONVERSION = YES;
				CLANG_WARN_OBJC_ROOT_CLASS = YES_ERROR;
				CLANG_WARN_RANGE_LOOP_ANALYSIS = YES;
				CLANG_WARN_STRICT_PROTOTYPES = YES;
				CLANG_WARN_SUSPICIOUS_MOVE = YES;
				CLANG_WARN_UNGUARDED_AVAILABILITY = YES_AGGRESSIVE;
				CLANG_WARN_UNREACHABLE_CODE = YES;
				CLANG_WARN__DUPLICATE_METHOD_MATCH = YES;
				CODE_SIGN_IDENTITY = "iPhone Developer";
				COPY_PHASE_STRIP = NO;
				DEBUG_INFORMATION_FORMAT = "dwarf-with-dsym";
				ENABLE_NS_ASSERTIONS = NO;
				ENABLE_STRICT_OBJC_MSGSEND = YES;
				GCC_C_LANGUAGE_STANDARD = gnu11;
				GCC_NO_COMMON_BLOCKS = YES;
				GCC_WARN_64_TO_32_BIT_CONVERSION = YES;
				GCC_WARN_ABOUT_RETURN_TYPE = YES_ERROR;
				GCC_WARN_UNDECLARED_SELECTOR = YES;
				GCC_WARN_UNINITIALIZED_AUTOS = YES_AGGRESSIVE;
				GCC_WARN_UNUSED_FUNCTION = YES;
				GCC_WARN_UNUSED_VARIABLE = YES;
				IPHONEOS_DEPLOYMENT_TARGET = 12.1;
				MTL_ENABLE_DEBUG_INFO = NO;
				MTL_FAST_MATH = YES;
				SDKROOT = iphoneos;
				SWIFT_COMPILATION_MODE = wholemodule;
				SWIFT_OPTIMIZATION_LEVEL = "-O";
				VALIDATE_PRODUCT = YES;
			};
			name = Release;
		};
		106C604B21F6AA9300F0AFE6 /* Debug */ = {
			isa = XCBuildConfiguration;
			buildSettings = {
				ASSETCATALOG_COMPILER_APPICON_NAME = AppIcon;
				CODE_SIGN_IDENTITY = "iPhone Developer";
				CODE_SIGN_STYLE = Manual;
				DEVELOPMENT_TEAM = 4Y9G8Z76XC;
				INFOPLIST_FILE = CoCo/Info.plist;
				LD_RUNPATH_SEARCH_PATHS = (
					"$(inherited)",
					"@executable_path/Frameworks",
				);
				PRODUCT_BUNDLE_IDENTIFIER = com.teamc1.CoCo;
				PRODUCT_NAME = "$(TARGET_NAME)";
				PROVISIONING_PROFILE_SPECIFIER = TeamCoco;
				SWIFT_VERSION = 4.2;
				TARGETED_DEVICE_FAMILY = 1;
			};
			name = Debug;
		};
		106C604C21F6AA9300F0AFE6 /* Release */ = {
			isa = XCBuildConfiguration;
			buildSettings = {
				ASSETCATALOG_COMPILER_APPICON_NAME = AppIcon;
				CODE_SIGN_IDENTITY = "iPhone Developer";
				CODE_SIGN_STYLE = Manual;
				DEVELOPMENT_TEAM = "";
				INFOPLIST_FILE = CoCo/Info.plist;
				LD_RUNPATH_SEARCH_PATHS = (
					"$(inherited)",
					"@executable_path/Frameworks",
				);
				PRODUCT_BUNDLE_IDENTIFIER = com.teamc1.CoCo;
				PRODUCT_NAME = "$(TARGET_NAME)";
				PROVISIONING_PROFILE_SPECIFIER = "";
				SWIFT_VERSION = 4.2;
				TARGETED_DEVICE_FAMILY = 1;
			};
			name = Release;
		};
		306189432200342B005280B8 /* Debug */ = {
			isa = XCBuildConfiguration;
			buildSettings = {
				BUNDLE_LOADER = "$(TEST_HOST)";
				CODE_SIGN_STYLE = Automatic;
				INFOPLIST_FILE = CoreDataTests/Info.plist;
				LD_RUNPATH_SEARCH_PATHS = (
					"$(inherited)",
					"@executable_path/Frameworks",
					"@loader_path/Frameworks",
				);
				PRODUCT_BUNDLE_IDENTIFIER = com.leehochan.CoreDataTests;
				PRODUCT_NAME = "$(TARGET_NAME)";
				SWIFT_VERSION = 4.2;
				TARGETED_DEVICE_FAMILY = "1,2";
				TEST_HOST = "$(BUILT_PRODUCTS_DIR)/CoCo.app/CoCo";
			};
			name = Debug;
		};
		306189442200342B005280B8 /* Release */ = {
			isa = XCBuildConfiguration;
			buildSettings = {
				BUNDLE_LOADER = "$(TEST_HOST)";
				CODE_SIGN_STYLE = Automatic;
				INFOPLIST_FILE = CoreDataTests/Info.plist;
				LD_RUNPATH_SEARCH_PATHS = (
					"$(inherited)",
					"@executable_path/Frameworks",
					"@loader_path/Frameworks",
				);
				PRODUCT_BUNDLE_IDENTIFIER = com.leehochan.CoreDataTests;
				PRODUCT_NAME = "$(TARGET_NAME)";
				SWIFT_VERSION = 4.2;
				TARGETED_DEVICE_FAMILY = "1,2";
				TEST_HOST = "$(BUILT_PRODUCTS_DIR)/CoCo.app/CoCo";
			};
			name = Release;
		};
		306189512200370D005280B8 /* Debug */ = {
			isa = XCBuildConfiguration;
			buildSettings = {
				BUNDLE_LOADER = "$(TEST_HOST)";
				CODE_SIGN_STYLE = Automatic;
				INFOPLIST_FILE = NetworkTests/Info.plist;
				LD_RUNPATH_SEARCH_PATHS = (
					"$(inherited)",
					"@executable_path/Frameworks",
					"@loader_path/Frameworks",
				);
				PRODUCT_BUNDLE_IDENTIFIER = com.leehochan.NetworkTests;
				PRODUCT_NAME = "$(TARGET_NAME)";
				SWIFT_VERSION = 4.2;
				TARGETED_DEVICE_FAMILY = "1,2";
				TEST_HOST = "$(BUILT_PRODUCTS_DIR)/CoCo.app/CoCo";
			};
			name = Debug;
		};
		306189522200370D005280B8 /* Release */ = {
			isa = XCBuildConfiguration;
			buildSettings = {
				BUNDLE_LOADER = "$(TEST_HOST)";
				CODE_SIGN_STYLE = Automatic;
				INFOPLIST_FILE = NetworkTests/Info.plist;
				LD_RUNPATH_SEARCH_PATHS = (
					"$(inherited)",
					"@executable_path/Frameworks",
					"@loader_path/Frameworks",
				);
				PRODUCT_BUNDLE_IDENTIFIER = com.leehochan.NetworkTests;
				PRODUCT_NAME = "$(TARGET_NAME)";
				SWIFT_VERSION = 4.2;
				TARGETED_DEVICE_FAMILY = "1,2";
				TEST_HOST = "$(BUILT_PRODUCTS_DIR)/CoCo.app/CoCo";
			};
			name = Release;
		};
		3061896E220037A0005280B8 /* Debug */ = {
			isa = XCBuildConfiguration;
			buildSettings = {
				BUNDLE_LOADER = "$(TEST_HOST)";
				CODE_SIGN_STYLE = Automatic;
				INFOPLIST_FILE = AlgorithmTests/Info.plist;
				LD_RUNPATH_SEARCH_PATHS = (
					"$(inherited)",
					"@executable_path/Frameworks",
					"@loader_path/Frameworks",
				);
				PRODUCT_BUNDLE_IDENTIFIER = com.leehochan.AlgorithmTests;
				PRODUCT_NAME = "$(TARGET_NAME)";
				SWIFT_VERSION = 4.2;
				TARGETED_DEVICE_FAMILY = "1,2";
				TEST_HOST = "$(BUILT_PRODUCTS_DIR)/CoCo.app/CoCo";
			};
			name = Debug;
		};
		3061896F220037A0005280B8 /* Release */ = {
			isa = XCBuildConfiguration;
			buildSettings = {
				BUNDLE_LOADER = "$(TEST_HOST)";
				CODE_SIGN_STYLE = Automatic;
				INFOPLIST_FILE = AlgorithmTests/Info.plist;
				LD_RUNPATH_SEARCH_PATHS = (
					"$(inherited)",
					"@executable_path/Frameworks",
					"@loader_path/Frameworks",
				);
				PRODUCT_BUNDLE_IDENTIFIER = com.leehochan.AlgorithmTests;
				PRODUCT_NAME = "$(TARGET_NAME)";
				SWIFT_VERSION = 4.2;
				TARGETED_DEVICE_FAMILY = "1,2";
				TEST_HOST = "$(BUILT_PRODUCTS_DIR)/CoCo.app/CoCo";
			};
			name = Release;
		};
/* End XCBuildConfiguration section */

/* Begin XCConfigurationList section */
		106C603021F6AA9200F0AFE6 /* Build configuration list for PBXProject "CoCo" */ = {
			isa = XCConfigurationList;
			buildConfigurations = (
				106C604821F6AA9300F0AFE6 /* Debug */,
				106C604921F6AA9300F0AFE6 /* Release */,
			);
			defaultConfigurationIsVisible = 0;
			defaultConfigurationName = Release;
		};
		106C604A21F6AA9300F0AFE6 /* Build configuration list for PBXNativeTarget "CoCo" */ = {
			isa = XCConfigurationList;
			buildConfigurations = (
				106C604B21F6AA9300F0AFE6 /* Debug */,
				106C604C21F6AA9300F0AFE6 /* Release */,
			);
			defaultConfigurationIsVisible = 0;
			defaultConfigurationName = Release;
		};
		306189452200342B005280B8 /* Build configuration list for PBXNativeTarget "CoreDataTests" */ = {
			isa = XCConfigurationList;
			buildConfigurations = (
				306189432200342B005280B8 /* Debug */,
				306189442200342B005280B8 /* Release */,
			);
			defaultConfigurationIsVisible = 0;
			defaultConfigurationName = Release;
		};
		306189532200370D005280B8 /* Build configuration list for PBXNativeTarget "NetworkTests" */ = {
			isa = XCConfigurationList;
			buildConfigurations = (
				306189512200370D005280B8 /* Debug */,
				306189522200370D005280B8 /* Release */,
			);
			defaultConfigurationIsVisible = 0;
			defaultConfigurationName = Release;
		};
		3061896D220037A0005280B8 /* Build configuration list for PBXNativeTarget "AlgorithmTests" */ = {
			isa = XCConfigurationList;
			buildConfigurations = (
				3061896E220037A0005280B8 /* Debug */,
				3061896F220037A0005280B8 /* Release */,
			);
			defaultConfigurationIsVisible = 0;
			defaultConfigurationName = Release;
		};
/* End XCConfigurationList section */

/* Begin XCVersionGroup section */
		106C603F21F6AA9200F0AFE6 /* CoCo.xcdatamodeld */ = {
			isa = XCVersionGroup;
			children = (
				106C604021F6AA9200F0AFE6 /* CoCo.xcdatamodel */,
			);
			currentVersion = 106C604021F6AA9200F0AFE6 /* CoCo.xcdatamodel */;
			path = CoCo.xcdatamodeld;
			sourceTree = "<group>";
			versionGroupType = wrapper.xcdatamodel;
		};
/* End XCVersionGroup section */
	};
	rootObject = 106C602D21F6AA9200F0AFE6 /* Project object */;
}
